
Microsoft Visual Studio Solution File, Format Version 12.00
# Visual Studio Version 16
VisualStudioVersion = 16.0.30320.27
MinimumVisualStudioVersion = 10.0.40219.1
Project("{FAE04EC0-301F-11D3-BF4B-00C04F79EFBC}") = "NSubExample", "NSubExample\NSubExample.csproj", "{0FCB8E63-B730-42AC-BDD9-BC268128C9B8}"
EndProject
Project("{FAE04EC0-301F-11D3-BF4B-00C04F79EFBC}") = "Tests", "Tests\Tests.csproj", "{C2B5B0CC-51E2-4047-8CEA-03E2F37F1785}"
EndProject
Global
	GlobalSection(SolutionConfigurationPlatforms) = preSolution
		Debug|Any CPU = Debug|Any CPU
		Release|Any CPU = Release|Any CPU
	EndGlobalSection
	GlobalSection(ProjectConfigurationPlatforms) = postSolution
		{0FCB8E63-B730-42AC-BDD9-BC268128C9B8}.Debug|Any CPU.ActiveCfg = Debug|Any CPU
		{0FCB8E63-B730-42AC-BDD9-BC268128C9B8}.Debug|Any CPU.Build.0 = Debug|Any CPU
		{0FCB8E63-B730-42AC-BDD9-BC268128C9B8}.Release|Any CPU.ActiveCfg = Release|Any CPU
		{0FCB8E63-B730-42AC-BDD9-BC268128C9B8}.Release|Any CPU.Build.0 = Release|Any CPU
		{C2B5B0CC-51E2-4047-8CEA-03E2F37F1785}.Debug|Any CPU.ActiveCfg = Debug|Any CPU
		{C2B5B0CC-51E2-4047-8CEA-03E2F37F1785}.Debug|Any CPU.Build.0 = Debug|Any CPU
		{C2B5B0CC-51E2-4047-8CEA-03E2F37F1785}.Release|Any CPU.ActiveCfg = Release|Any CPU
		{C2B5B0CC-51E2-4047-8CEA-03E2F37F1785}.Release|Any CPU.Build.0 = Release|Any CPU
	EndGlobalSection
	GlobalSection(SolutionProperties) = preSolution
		HideSolutionNode = FALSE
	EndGlobalSection
	GlobalSection(ExtensibilityGlobals) = postSolution
		SolutionGuid = {ADC62F20-E607-497D-86F9-F7158EA8233C}
	EndGlobalSection
EndGlobal
